
Microsoft Visual Studio Solution File, Format Version 12.00
# Visual Studio Version 17
VisualStudioVersion = 17.3.32825.248
MinimumVisualStudioVersion = 10.0.40219.1
Project("{FAE04EC0-301F-11D3-BF4B-00C04F79EFBC}") = "WordKiller", "WordKiller\WordKiller.csproj", "{E638BCB2-E19B-4DE4-B3F7-487A3BC1CCC5}"
EndProject
Global
	GlobalSection(SolutionConfigurationPlatforms) = preSolution
		Debug|Any CPU = Debug|Any CPU
		Release|Any CPU = Release|Any CPU
	EndGlobalSection
	GlobalSection(ProjectConfigurationPlatforms) = postSolution
		{E638BCB2-E19B-4DE4-B3F7-487A3BC1CCC5}.Debug|Any CPU.ActiveCfg = Debug|Any CPU
		{E638BCB2-E19B-4DE4-B3F7-487A3BC1CCC5}.Debug|Any CPU.Build.0 = Debug|Any CPU
		{E638BCB2-E19B-4DE4-B3F7-487A3BC1CCC5}.Release|Any CPU.ActiveCfg = Release|Any CPU
		{E638BCB2-E19B-4DE4-B3F7-487A3BC1CCC5}.Release|Any CPU.Build.0 = Release|Any CPU
	EndGlobalSection
	GlobalSection(SolutionProperties) = preSolution
		HideSolutionNode = FALSE
	EndGlobalSection
	GlobalSection(ExtensibilityGlobals) = postSolution
		SolutionGuid = {FA9D1BA2-FE07-423E-8521-4ACE1F1EA6CE}
	EndGlobalSection
EndGlobal
